
Microsoft Visual Studio Solution File, Format Version 12.00
# Visual Studio Version 17
VisualStudioVersion = 17.8.34316.72
MinimumVisualStudioVersion = 10.0.40219.1
Project("{FAE04EC0-301F-11D3-BF4B-00C04F79EFBC}") = "GradApp", "GradApp.csproj", "{30CE5FE5-D3E7-4D10-B83F-6D07299F94F8}"
EndProject
Global
	GlobalSection(SolutionConfigurationPlatforms) = preSolution
		Debug|Any CPU = Debug|Any CPU
		Release|Any CPU = Release|Any CPU
	EndGlobalSection
	GlobalSection(ProjectConfigurationPlatforms) = postSolution
		{30CE5FE5-D3E7-4D10-B83F-6D07299F94F8}.Debug|Any CPU.ActiveCfg = Debug|Any CPU
		{30CE5FE5-D3E7-4D10-B83F-6D07299F94F8}.Debug|Any CPU.Build.0 = Debug|Any CPU
		{30CE5FE5-D3E7-4D10-B83F-6D07299F94F8}.Release|Any CPU.ActiveCfg = Release|Any CPU
		{30CE5FE5-D3E7-4D10-B83F-6D07299F94F8}.Release|Any CPU.Build.0 = Release|Any CPU
	EndGlobalSection
	GlobalSection(SolutionProperties) = preSolution
		HideSolutionNode = FALSE
	EndGlobalSection
	GlobalSection(ExtensibilityGlobals) = postSolution
		SolutionGuid = {96D0771E-5D94-414A-94E9-1683AE04A892}
	EndGlobalSection
EndGlobal
